lockfileVersion: 5.4

specifiers:
  dotenv: ^16.0.2
  undici: ^5.10.0

dependencies:
  dotenv: 16.0.2
  undici: 5.10.0

packages:

  /dotenv/16.0.2:
    resolution: {integrity: sha512-JvpYKUmzQhYoIFgK2MOnF3bciIZoItIIoryihy0rIA+H4Jy0FmgyKYAHCTN98P5ybGSJcIFbh6QKeJdtZd1qhA==}
    engines: {node: '>=12'}
    dev: false

  /undici/5.10.0:
    resolution: {integrity: sha512-c8HsD3IbwmjjbLvoZuRI26TZic+TSEe8FPMLLOkN1AfYRhdjnKBU6yL+IwcSCbdZiX4e5t0lfMDLDCqj4Sq70g==}
    engines: {node: '>=12.18'}
    dev: false
